
Microsoft Visual Studio Solution File, Format Version 12.00
# Visual Studio Version 16
VisualStudioVersion = 16.0.31702.278
MinimumVisualStudioVersion = 10.0.40219.1
Project("{FAE04EC0-301F-11D3-BF4B-00C04F79EFBC}") = "gyak04", "gyak04\gyak04.csproj", "{DA544E35-E623-405C-A49B-D7F147CDD973}"
EndProject
Global
	GlobalSection(SolutionConfigurationPlatforms) = preSolution
		Debug|Any CPU = Debug|Any CPU
		Release|Any CPU = Release|Any CPU
	EndGlobalSection
	GlobalSection(ProjectConfigurationPlatforms) = postSolution
		{DA544E35-E623-405C-A49B-D7F147CDD973}.Debug|Any CPU.ActiveCfg = Debug|Any CPU
		{DA544E35-E623-405C-A49B-D7F147CDD973}.Debug|Any CPU.Build.0 = Debug|Any CPU
		{DA544E35-E623-405C-A49B-D7F147CDD973}.Release|Any CPU.ActiveCfg = Release|Any CPU
		{DA544E35-E623-405C-A49B-D7F147CDD973}.Release|Any CPU.Build.0 = Release|Any CPU
	EndGlobalSection
	GlobalSection(SolutionProperties) = preSolution
		HideSolutionNode = FALSE
	EndGlobalSection
	GlobalSection(ExtensibilityGlobals) = postSolution
		SolutionGuid = {7963A8A6-EA12-4AB0-A4AD-488CE5B2D80B}
	EndGlobalSection
EndGlobal
