
Microsoft Visual Studio Solution File, Format Version 12.00
# Visual Studio Version 16
VisualStudioVersion = 16.0.31702.278
MinimumVisualStudioVersion = 10.0.40219.1
Project("{FAE04EC0-301F-11D3-BF4B-00C04F79EFBC}") = "week5", "week5\week5.csproj", "{6EA8D416-DDA8-4DDE-9E23-82A0E62DB547}"
EndProject
Global
	GlobalSection(SolutionConfigurationPlatforms) = preSolution
		Debug|Any CPU = Debug|Any CPU
		Release|Any CPU = Release|Any CPU
	EndGlobalSection
	GlobalSection(ProjectConfigurationPlatforms) = postSolution
		{6EA8D416-DDA8-4DDE-9E23-82A0E62DB547}.Debug|Any CPU.ActiveCfg = Debug|Any CPU
		{6EA8D416-DDA8-4DDE-9E23-82A0E62DB547}.Debug|Any CPU.Build.0 = Debug|Any CPU
		{6EA8D416-DDA8-4DDE-9E23-82A0E62DB547}.Release|Any CPU.ActiveCfg = Release|Any CPU
		{6EA8D416-DDA8-4DDE-9E23-82A0E62DB547}.Release|Any CPU.Build.0 = Release|Any CPU
	EndGlobalSection
	GlobalSection(SolutionProperties) = preSolution
		HideSolutionNode = FALSE
	EndGlobalSection
	GlobalSection(ExtensibilityGlobals) = postSolution
		SolutionGuid = {0928C08B-E0F1-4983-B6FF-214E789030C6}
	EndGlobalSection
EndGlobal
